
Microsoft Visual Studio Solution File, Format Version 12.00
# Visual Studio Version 17
VisualStudioVersion = 17.14.36518.9
MinimumVisualStudioVersion = 10.0.40219.1
Project("{FAE04EC0-301F-11D3-BF4B-00C04F79EFBC}") = "SH.Backend", "SH.Backend\SH.Backend.csproj", "{9654A5C1-093A-4783-895C-1738A9E1A5AE}"
EndProject
Project("{FAE04EC0-301F-11D3-BF4B-00C04F79EFBC}") = "SH.Share", "SH.Share\SH.Share.csproj", "{4655D7C9-A0EF-40C0-9CCF-9B78FA6021DC}"
EndProject
Global
	GlobalSection(SolutionConfigurationPlatforms) = preSolution
		Debug|Any CPU = Debug|Any CPU
		Release|Any CPU = Release|Any CPU
	EndGlobalSection
	GlobalSection(ProjectConfigurationPlatforms) = postSolution
		{9654A5C1-093A-4783-895C-1738A9E1A5AE}.Debug|Any CPU.ActiveCfg = Debug|Any CPU
		{9654A5C1-093A-4783-895C-1738A9E1A5AE}.Debug|Any CPU.Build.0 = Debug|Any CPU
		{9654A5C1-093A-4783-895C-1738A9E1A5AE}.Release|Any CPU.ActiveCfg = Release|Any CPU
		{9654A5C1-093A-4783-895C-1738A9E1A5AE}.Release|Any CPU.Build.0 = Release|Any CPU
		{4655D7C9-A0EF-40C0-9CCF-9B78FA6021DC}.Debug|Any CPU.ActiveCfg = Debug|Any CPU
		{4655D7C9-A0EF-40C0-9CCF-9B78FA6021DC}.Debug|Any CPU.Build.0 = Debug|Any CPU
		{4655D7C9-A0EF-40C0-9CCF-9B78FA6021DC}.Release|Any CPU.ActiveCfg = Release|Any CPU
		{4655D7C9-A0EF-40C0-9CCF-9B78FA6021DC}.Release|Any CPU.Build.0 = Release|Any CPU
	EndGlobalSection
	GlobalSection(SolutionProperties) = preSolution
		HideSolutionNode = FALSE
	EndGlobalSection
	GlobalSection(ExtensibilityGlobals) = postSolution
		SolutionGuid = {EBDF5872-2ECC-4D31-91E1-A9474D7B23E3}
	EndGlobalSection
EndGlobal
